
Microsoft Visual Studio Solution File, Format Version 12.00
# Visual Studio Version 16
VisualStudioVersion = 16.0.31702.278
MinimumVisualStudioVersion = 10.0.40219.1
Project("{FAE04EC0-301F-11D3-BF4B-00C04F79EFBC}") = "DevOpsRazor", "DevOpsRazor\DevOpsRazor.csproj", "{AD820EB2-A655-447C-8FA0-A0DE40F9CFA6}"
EndProject
Global
	GlobalSection(SolutionConfigurationPlatforms) = preSolution
		Debug|Any CPU = Debug|Any CPU
		Release|Any CPU = Release|Any CPU
	EndGlobalSection
	GlobalSection(ProjectConfigurationPlatforms) = postSolution
		{AD820EB2-A655-447C-8FA0-A0DE40F9CFA6}.Debug|Any CPU.ActiveCfg = Debug|Any CPU
		{AD820EB2-A655-447C-8FA0-A0DE40F9CFA6}.Debug|Any CPU.Build.0 = Debug|Any CPU
		{AD820EB2-A655-447C-8FA0-A0DE40F9CFA6}.Release|Any CPU.ActiveCfg = Release|Any CPU
		{AD820EB2-A655-447C-8FA0-A0DE40F9CFA6}.Release|Any CPU.Build.0 = Release|Any CPU
	EndGlobalSection
	GlobalSection(SolutionProperties) = preSolution
		HideSolutionNode = FALSE
	EndGlobalSection
	GlobalSection(ExtensibilityGlobals) = postSolution
		SolutionGuid = {118CB373-CD3B-48EE-8D9C-B9C45455A24F}
	EndGlobalSection
EndGlobal
